// !$*UTF8*$!
{
	archiveVersion = 1;
	classes = {
	};
	objectVersion = 50;
	objects = {

/* Begin PBXBuildFile section */
		9631ABA42769D33E00AF1FE9 /* IpynbView.swift in Sources */ = {isa = PBXBuildFile; fileRef = 9631ABA32769D33E00AF1FE9 /* IpynbView.swift */; };
		9631ABA72769D35E00AF1FE9 /* ViewerWindow.swift in Sources */ = {isa = PBXBuildFile; fileRef = 9631ABA62769D35E00AF1FE9 /* ViewerWindow.swift */; };
		9631ABB12769D4B000AF1FE9 /* ipynb-style.css in Resources */ = {isa = PBXBuildFile; fileRef = 9631ABAE2769D4B000AF1FE9 /* ipynb-style.css */; };
		9631ABB22769D4B000AF1FE9 /* nbviewer-nbv.js in Resources */ = {isa = PBXBuildFile; fileRef = 9631ABAF2769D4B000AF1FE9 /* nbviewer-nbv.js */; };
		9631ABB32769D4B000AF1FE9 /* ipynb-viewer.html in Resources */ = {isa = PBXBuildFile; fileRef = 9631ABB02769D4B000AF1FE9 /* ipynb-viewer.html */; };
		963D7169276DBC7B00AC5B09 /* Quartz.framework in Frameworks */ = {isa = PBXBuildFile; fileRef = 963D7168276DBC7B00AC5B09 /* Quartz.framework */; };
		963D716C276DBC7B00AC5B09 /* PreviewViewController.swift in Sources */ = {isa = PBXBuildFile; fileRef = 963D716B276DBC7B00AC5B09 /* PreviewViewController.swift */; };
		963D716F276DBC7B00AC5B09 /* PreviewViewController.xib in Resources */ = {isa = PBXBuildFile; fileRef = 963D716D276DBC7B00AC5B09 /* PreviewViewController.xib */; };
		963D7174276DBC7B00AC5B09 /* SwiftIpynbQuickLook.appex in Embed App Extensions */ = {isa = PBXBuildFile; fileRef = 963D7166276DBC7B00AC5B09 /* SwiftIpynbQuickLook.appex */; settings = {ATTRIBUTES = (RemoveHeadersOnCopy, ); }; };
		963D717E276DBD4100AC5B09 /* IpynbView.swift in Sources */ = {isa = PBXBuildFile; fileRef = 9631ABA32769D33E00AF1FE9 /* IpynbView.swift */; };
		965A973A2769D2DC00E65ECF /* AppDelegate.swift in Sources */ = {isa = PBXBuildFile; fileRef = 965A97392769D2DC00E65ECF /* AppDelegate.swift */; };
		965A973C2769D2DC00E65ECF /* ContentView.swift in Sources */ = {isa = PBXBuildFile; fileRef = 965A973B2769D2DC00E65ECF /* ContentView.swift */; };
		965A973E2769D2DE00E65ECF /* Assets.xcassets in Resources */ = {isa = PBXBuildFile; fileRef = 965A973D2769D2DE00E65ECF /* Assets.xcassets */; };
		965A97412769D2DE00E65ECF /* Preview Assets.xcassets in Resources */ = {isa = PBXBuildFile; fileRef = 965A97402769D2DE00E65ECF /* Preview Assets.xcassets */; };
		965A97442769D2DE00E65ECF /* Main.storyboard in Resources */ = {isa = PBXBuildFile; fileRef = 965A97422769D2DE00E65ECF /* Main.storyboard */; };
		96DD44D0276DC3DE003F7B97 /* ipynb-style.css in Resources */ = {isa = PBXBuildFile; fileRef = 9631ABAE2769D4B000AF1FE9 /* ipynb-style.css */; };
		96DD44D3276DC3E0003F7B97 /* nbviewer-nbv.js in Resources */ = {isa = PBXBuildFile; fileRef = 9631ABAF2769D4B000AF1FE9 /* nbviewer-nbv.js */; };
		96DD44D6276DC3E2003F7B97 /* ipynb-viewer.html in Resources */ = {isa = PBXBuildFile; fileRef = 9631ABB02769D4B000AF1FE9 /* ipynb-viewer.html */; };
		96DD44DA276DCA12003F7B97 /* ContentView.swift in Sources */ = {isa = PBXBuildFile; fileRef = 96DD44D9276DCA12003F7B97 /* ContentView.swift */; };
/* End PBXBuildFile section */

/* Begin PBXContainerItemProxy section */
		963D7172276DBC7B00AC5B09 /* PBXContainerItemProxy */ = {
			isa = PBXContainerItemProxy;
			containerPortal = 965A972E2769D2DC00E65ECF /* Project object */;
			proxyType = 1;
			remoteGlobalIDString = 963D7165276DBC7B00AC5B09;
			remoteInfo = SwiftIpynbQuickLook;
		};
/* End PBXContainerItemProxy section */

/* Begin PBXCopyFilesBuildPhase section */
		963D7175276DBC7B00AC5B09 /* Embed App Extensions */ = {
			isa = PBXCopyFilesBuildPhase;
			buildActionMask = 2147483647;
			dstPath = "";
			dstSubfolderSpec = 13;
			files = (
				963D7174276DBC7B00AC5B09 /* SwiftIpynbQuickLook.appex in Embed App Extensions */,
			);
			name = "Embed App Extensions";
			runOnlyForDeploymentPostprocessing = 0;
		};
/* End PBXCopyFilesBuildPhase section */

/* Begin PBXFileReference section */
		9631ABA32769D33E00AF1FE9 /* IpynbView.swift */ = {isa = PBXFileReference; lastKnownFileType = sourcecode.swift; path = IpynbView.swift; sourceTree = "<group>"; };
		9631ABA62769D35E00AF1FE9 /* ViewerWindow.swift */ = {isa = PBXFileReference; lastKnownFileType = sourcecode.swift; path = ViewerWindow.swift; sourceTree = "<group>"; };
		9631ABAE2769D4B000AF1FE9 /* ipynb-style.css */ = {isa = PBXFileReference; fileEncoding = 4; lastKnownFileType = text.css; path = "ipynb-style.css"; sourceTree = "<group>"; };
		9631ABAF2769D4B000AF1FE9 /* nbviewer-nbv.js */ = {isa = PBXFileReference; fileEncoding = 4; lastKnownFileType = sourcecode.javascript; path = "nbviewer-nbv.js"; sourceTree = "<group>"; };
		9631ABB02769D4B000AF1FE9 /* ipynb-viewer.html */ = {isa = PBXFileReference; fileEncoding = 4; lastKnownFileType = text.html; path = "ipynb-viewer.html"; sourceTree = "<group>"; };
		963D7166276DBC7B00AC5B09 /* SwiftIpynbQuickLook.appex */ = {isa = PBXFileReference; explicitFileType = "wrapper.app-extension"; includeInIndex = 0; path = SwiftIpynbQuickLook.appex; sourceTree = BUILT_PRODUCTS_DIR; };
		963D7168276DBC7B00AC5B09 /* Quartz.framework */ = {isa = PBXFileReference; lastKnownFileType = wrapper.framework; name = Quartz.framework; path = System/Library/Frameworks/Quartz.framework; sourceTree = SDKROOT; };
		963D716B276DBC7B00AC5B09 /* PreviewViewController.swift */ = {isa = PBXFileReference; lastKnownFileType = sourcecode.swift; path = PreviewViewController.swift; sourceTree = "<group>"; };
		963D716E276DBC7B00AC5B09 /* Base */ = {isa = PBXFileReference; lastKnownFileType = file.xib; name = Base; path = Base.lproj/PreviewViewController.xib; sourceTree = "<group>"; };
		963D7170276DBC7B00AC5B09 /* Info.plist */ = {isa = PBXFileReference; lastKnownFileType = text.plist.xml; path = Info.plist; sourceTree = "<group>"; };
		963D7171276DBC7B00AC5B09 /* SwiftIpynbQuickLook.entitlements */ = {isa = PBXFileReference; lastKnownFileType = text.plist.entitlements; path = SwiftIpynbQuickLook.entitlements; sourceTree = "<group>"; };
		965A97362769D2DC00E65ECF /* SwiftIpynbViewer.app */ = {isa = PBXFileReference; explicitFileType = wrapper.application; includeInIndex = 0; path = SwiftIpynbViewer.app; sourceTree = BUILT_PRODUCTS_DIR; };
		965A97392769D2DC00E65ECF /* AppDelegate.swift */ = {isa = PBXFileReference; lastKnownFileType = sourcecode.swift; path = AppDelegate.swift; sourceTree = "<group>"; };
		965A973B2769D2DC00E65ECF /* ContentView.swift */ = {isa = PBXFileReference; lastKnownFileType = sourcecode.swift; path = ContentView.swift; sourceTree = "<group>"; };
		965A973D2769D2DE00E65ECF /* Assets.xcassets */ = {isa = PBXFileReference; lastKnownFileType = folder.assetcatalog; path = Assets.xcassets; sourceTree = "<group>"; };
		965A97402769D2DE00E65ECF /* Preview Assets.xcassets */ = {isa = PBXFileReference; lastKnownFileType = folder.assetcatalog; path = "Preview Assets.xcassets"; sourceTree = "<group>"; };
		965A97432769D2DE00E65ECF /* Base */ = {isa = PBXFileReference; lastKnownFileType = file.storyboard; name = Base; path = Base.lproj/Main.storyboard; sourceTree = "<group>"; };
		965A97452769D2DE00E65ECF /* Info.plist */ = {isa = PBXFileReference; lastKnownFileType = text.plist.xml; path = Info.plist; sourceTree = "<group>"; };
		965A97462769D2DE00E65ECF /* SwiftIpynbViewer.entitlements */ = {isa = PBXFileReference; lastKnownFileType = text.plist.entitlements; path = SwiftIpynbViewer.entitlements; sourceTree = "<group>"; };
		96652D7E276A2AD50074691B /* ja */ = {isa = PBXFileReference; lastKnownFileType = text.plist.strings; name = ja; path = ja.lproj/Main.strings; sourceTree = "<group>"; };
		96DD44D9276DCA12003F7B97 /* ContentView.swift */ = {isa = PBXFileReference; lastKnownFileType = sourcecode.swift; path = ContentView.swift; sourceTree = "<group>"; };
/* End PBXFileReference section */

/* Begin PBXFrameworksBuildPhase section */
		963D7163276DBC7B00AC5B09 /* Frameworks */ = {
			isa = PBXFrameworksBuildPhase;
			buildActionMask = 2147483647;
			files = (
				963D7169276DBC7B00AC5B09 /* Quartz.framework in Frameworks */,
			);
			runOnlyForDeploymentPostprocessing = 0;
		};
		965A97332769D2DC00E65ECF /* Frameworks */ = {
			isa = PBXFrameworksBuildPhase;
			buildActionMask = 2147483647;
			files = (
			);
			runOnlyForDeploymentPostprocessing = 0;
		};
/* End PBXFrameworksBuildPhase section */

/* Begin PBXGroup section */
		9631ABAD2769D4B000AF1FE9 /* Resource */ = {
			isa = PBXGroup;
			children = (
				9631ABAE2769D4B000AF1FE9 /* ipynb-style.css */,
				9631ABAF2769D4B000AF1FE9 /* nbviewer-nbv.js */,
				9631ABB02769D4B000AF1FE9 /* ipynb-viewer.html */,
			);
			path = Resource;
			sourceTree = SOURCE_ROOT;
		};
		963D7167276DBC7B00AC5B09 /* Frameworks */ = {
			isa = PBXGroup;
			children = (
				963D7168276DBC7B00AC5B09 /* Quartz.framework */,
			);
			name = Frameworks;
			sourceTree = "<group>";
		};
		963D716A276DBC7B00AC5B09 /* SwiftIpynbQuickLook */ = {
			isa = PBXGroup;
			children = (
				963D716B276DBC7B00AC5B09 /* PreviewViewController.swift */,
				963D716D276DBC7B00AC5B09 /* PreviewViewController.xib */,
				963D7170276DBC7B00AC5B09 /* Info.plist */,
				963D7171276DBC7B00AC5B09 /* SwiftIpynbQuickLook.entitlements */,
				96DD44D9276DCA12003F7B97 /* ContentView.swift */,
			);
			path = SwiftIpynbQuickLook;
			sourceTree = "<group>";
		};
		965A972D2769D2DC00E65ECF = {
			isa = PBXGroup;
			children = (
				9631ABAD2769D4B000AF1FE9 /* Resource */,
				965A97382769D2DC00E65ECF /* SwiftIpynbViewer */,
				963D716A276DBC7B00AC5B09 /* SwiftIpynbQuickLook */,
				963D7167276DBC7B00AC5B09 /* Frameworks */,
				965A97372769D2DC00E65ECF /* Products */,
			);
			sourceTree = "<group>";
		};
		965A97372769D2DC00E65ECF /* Products */ = {
			isa = PBXGroup;
			children = (
				965A97362769D2DC00E65ECF /* SwiftIpynbViewer.app */,
				963D7166276DBC7B00AC5B09 /* SwiftIpynbQuickLook.appex */,
			);
			name = Products;
			sourceTree = "<group>";
		};
		965A97382769D2DC00E65ECF /* SwiftIpynbViewer */ = {
			isa = PBXGroup;
			children = (
				965A97392769D2DC00E65ECF /* AppDelegate.swift */,
				965A973B2769D2DC00E65ECF /* ContentView.swift */,
				965A973D2769D2DE00E65ECF /* Assets.xcassets */,
				965A97422769D2DE00E65ECF /* Main.storyboard */,
				965A97452769D2DE00E65ECF /* Info.plist */,
				965A97462769D2DE00E65ECF /* SwiftIpynbViewer.entitlements */,
				965A973F2769D2DE00E65ECF /* Preview Content */,
				9631ABA32769D33E00AF1FE9 /* IpynbView.swift */,
				9631ABA62769D35E00AF1FE9 /* ViewerWindow.swift */,
			);
			path = SwiftIpynbViewer;
			sourceTree = "<group>";
		};
		965A973F2769D2DE00E65ECF /* Preview Content */ = {
			isa = PBXGroup;
			children = (
				965A97402769D2DE00E65ECF /* Preview Assets.xcassets */,
			);
			path = "Preview Content";
			sourceTree = "<group>";
		};
/* End PBXGroup section */

/* Begin PBXNativeTarget section */
		963D7165276DBC7B00AC5B09 /* SwiftIpynbQuickLook */ = {
			isa = PBXNativeTarget;
			buildConfigurationList = 963D7178276DBC7B00AC5B09 /* Build configuration list for PBXNativeTarget "SwiftIpynbQuickLook" */;
			buildPhases = (
				963D7162276DBC7B00AC5B09 /* Sources */,
				963D7163276DBC7B00AC5B09 /* Frameworks */,
				963D7164276DBC7B00AC5B09 /* Resources */,
			);
			buildRules = (
			);
			dependencies = (
			);
			name = SwiftIpynbQuickLook;
			productName = SwiftIpynbQuickLook;
			productReference = 963D7166276DBC7B00AC5B09 /* SwiftIpynbQuickLook.appex */;
			productType = "com.apple.product-type.app-extension";
		};
		965A97352769D2DC00E65ECF /* SwiftIpynbViewer */ = {
			isa = PBXNativeTarget;
			buildConfigurationList = 965A97492769D2DE00E65ECF /* Build configuration list for PBXNativeTarget "SwiftIpynbViewer" */;
			buildPhases = (
				965A97322769D2DC00E65ECF /* Sources */,
				965A97332769D2DC00E65ECF /* Frameworks */,
				965A97342769D2DC00E65ECF /* Resources */,
				963D7175276DBC7B00AC5B09 /* Embed App Extensions */,
			);
			buildRules = (
			);
			dependencies = (
				963D7173276DBC7B00AC5B09 /* PBXTargetDependency */,
			);
			name = SwiftIpynbViewer;
			productName = SimpleIpynbViewer;
			productReference = 965A97362769D2DC00E65ECF /* SwiftIpynbViewer.app */;
			productType = "com.apple.product-type.application";
		};
/* End PBXNativeTarget section */

/* Begin PBXProject section */
		965A972E2769D2DC00E65ECF /* Project object */ = {
			isa = PBXProject;
			attributes = {
				LastSwiftUpdateCheck = 1230;
				LastUpgradeCheck = 1230;
				TargetAttributes = {
					963D7165276DBC7B00AC5B09 = {
						CreatedOnToolsVersion = 12.3;
					};
					965A97352769D2DC00E65ECF = {
						CreatedOnToolsVersion = 12.3;
					};
				};
			};
			buildConfigurationList = 965A97312769D2DC00E65ECF /* Build configuration list for PBXProject "SwiftIpynbViewer" */;
			compatibilityVersion = "Xcode 9.3";
			developmentRegion = en;
			hasScannedForEncodings = 0;
			knownRegions = (
				en,
				Base,
				ja,
			);
			mainGroup = 965A972D2769D2DC00E65ECF;
			productRefGroup = 965A97372769D2DC00E65ECF /* Products */;
			projectDirPath = "";
			projectRoot = "";
			targets = (
				965A97352769D2DC00E65ECF /* SwiftIpynbViewer */,
				963D7165276DBC7B00AC5B09 /* SwiftIpynbQuickLook */,
			);
		};
/* End PBXProject section */

/* Begin PBXResourcesBuildPhase section */
		963D7164276DBC7B00AC5B09 /* Resources */ = {
			isa = PBXResourcesBuildPhase;
			buildActionMask = 2147483647;
			files = (
				96DD44D3276DC3E0003F7B97 /* nbviewer-nbv.js in Resources */,
				96DD44D6276DC3E2003F7B97 /* ipynb-viewer.html in Resources */,
				96DD44D0276DC3DE003F7B97 /* ipynb-style.css in Resources */,
				963D716F276DBC7B00AC5B09 /* PreviewViewController.xib in Resources */,
			);
			runOnlyForDeploymentPostprocessing = 0;
		};
		965A97342769D2DC00E65ECF /* Resources */ = {
			isa = PBXResourcesBuildPhase;
			buildActionMask = 2147483647;
			files = (
				9631ABB22769D4B000AF1FE9 /* nbviewer-nbv.js in Resources */,
				965A97442769D2DE00E65ECF /* Main.storyboard in Resources */,
				965A97412769D2DE00E65ECF /* Preview Assets.xcassets in Resources */,
				9631ABB32769D4B000AF1FE9 /* ipynb-viewer.html in Resources */,
				9631ABB12769D4B000AF1FE9 /* ipynb-style.css in Resources */,
				965A973E2769D2DE00E65ECF /* Assets.xcassets in Resources */,
			);
			runOnlyForDeploymentPostprocessing = 0;
		};
/* End PBXResourcesBuildPhase section */

/* Begin PBXSourcesBuildPhase section */
		963D7162276DBC7B00AC5B09 /* Sources */ = {
			isa = PBXSourcesBuildPhase;
			buildActionMask = 2147483647;
			files = (
				963D716C276DBC7B00AC5B09 /* PreviewViewController.swift in Sources */,
				96DD44DA276DCA12003F7B97 /* ContentView.swift in Sources */,
				963D717E276DBD4100AC5B09 /* IpynbView.swift in Sources */,
			);
			runOnlyForDeploymentPostprocessing = 0;
		};
		965A97322769D2DC00E65ECF /* Sources */ = {
			isa = PBXSourcesBuildPhase;
			buildActionMask = 2147483647;
			files = (
				965A973C2769D2DC00E65ECF /* ContentView.swift in Sources */,
				965A973A2769D2DC00E65ECF /* AppDelegate.swift in Sources */,
				9631ABA42769D33E00AF1FE9 /* IpynbView.swift in Sources */,
				9631ABA72769D35E00AF1FE9 /* ViewerWindow.swift in Sources */,
			);
			runOnlyForDeploymentPostprocessing = 0;
		};
/* End PBXSourcesBuildPhase section */

/* Begin PBXTargetDependency section */
		963D7173276DBC7B00AC5B09 /* PBXTargetDependency */ = {
			isa = PBXTargetDependency;
			target = 963D7165276DBC7B00AC5B09 /* SwiftIpynbQuickLook */;
			targetProxy = 963D7172276DBC7B00AC5B09 /* PBXContainerItemProxy */;
		};
/* End PBXTargetDependency section */

/* Begin PBXVariantGroup section */
		963D716D276DBC7B00AC5B09 /* PreviewViewController.xib */ = {
			isa = PBXVariantGroup;
			children = (
				963D716E276DBC7B00AC5B09 /* Base */,
			);
			name = PreviewViewController.xib;
			sourceTree = "<group>";
		};
		965A97422769D2DE00E65ECF /* Main.storyboard */ = {
			isa = PBXVariantGroup;
			children = (
				965A97432769D2DE00E65ECF /* Base */,
				96652D7E276A2AD50074691B /* ja */,
			);
			name = Main.storyboard;
			sourceTree = "<group>";
		};
/* End PBXVariantGroup section */

/* Begin XCBuildConfiguration section */
		963D7176276DBC7B00AC5B09 /* Debug */ = {
			isa = XCBuildConfiguration;
			buildSettings = {
				CODE_SIGN_ENTITLEMENTS = SwiftIpynbQuickLook/SwiftIpynbQuickLook.entitlements;
				CODE_SIGN_STYLE = Automatic;
				INFOPLIST_FILE = SwiftIpynbQuickLook/Info.plist;
				LD_RUNPATH_SEARCH_PATHS = (
					"$(inherited)",
					"@executable_path/../Frameworks",
					"@executable_path/../../../../Frameworks",
				);
				PRODUCT_BUNDLE_IDENTIFIER = com.github.yawarakacream.SwiftIpynbViewer.SwiftIpynbQuickLook;
				PRODUCT_NAME = "$(TARGET_NAME)";
				SKIP_INSTALL = YES;
				SWIFT_VERSION = 5.0;
			};
			name = Debug;
		};
		963D7177276DBC7B00AC5B09 /* Release */ = {
			isa = XCBuildConfiguration;
			buildSettings = {
				CODE_SIGN_ENTITLEMENTS = SwiftIpynbQuickLook/SwiftIpynbQuickLook.entitlements;
				CODE_SIGN_STYLE = Automatic;
				INFOPLIST_FILE = SwiftIpynbQuickLook/Info.plist;
				LD_RUNPATH_SEARCH_PATHS = (
					"$(inherited)",
					"@executable_path/../Frameworks",
					"@executable_path/../../../../Frameworks",
				);
				PRODUCT_BUNDLE_IDENTIFIER = com.github.yawarakacream.SwiftIpynbViewer.SwiftIpynbQuickLook;
				PRODUCT_NAME = "$(TARGET_NAME)";
				SKIP_INSTALL = YES;
				SWIFT_VERSION = 5.0;
			};
			name = Release;
		};
		965A97472769D2DE00E65ECF /* Debug */ = {
			isa = XCBuildConfiguration;
			buildSettings = {
				ALWAYS_SEARCH_USER_PATHS = NO;
				CLANG_ANALYZER_LOCALIZABILITY_NONLOCALIZED = YES;
				CLANG_ANALYZER_NONNULL = YES;
				CLANG_ANALYZER_NUMBER_OBJECT_CONVERSION = YES_AGGRESSIVE;
				CLANG_CXX_LANGUAGE_STANDARD = "gnu++14";
				CLANG_CXX_LIBRARY = "libc++";
				CLANG_ENABLE_MODULES = YES;
				CLANG_ENABLE_OBJC_ARC = YES;
				CLANG_ENABLE_OBJC_WEAK = YES;
				CLANG_WARN_BLOCK_CAPTURE_AUTORELEASING = YES;
				CLANG_WARN_BOOL_CONVERSION = YES;
				CLANG_WARN_COMMA = YES;
				CLANG_WARN_CONSTANT_CONVERSION = YES;
				CLANG_WARN_DEPRECATED_OBJC_IMPLEMENTATIONS = YES;
				CLANG_WARN_DIRECT_OBJC_ISA_USAGE = YES_ERROR;
				CLANG_WARN_DOCUMENTATION_COMMENTS = YES;
				CLANG_WARN_EMPTY_BODY = YES;
				CLANG_WARN_ENUM_CONVERSION = YES;
				CLANG_WARN_INFINITE_RECURSION = YES;
				CLANG_WARN_INT_CONVERSION = YES;
				CLANG_WARN_NON_LITERAL_NULL_CONVERSION = YES;
				CLANG_WARN_OBJC_IMPLICIT_RETAIN_SELF = YES;
				CLANG_WARN_OBJC_LITERAL_CONVERSION = YES;
				CLANG_WARN_OBJC_ROOT_CLASS = YES_ERROR;
				CLANG_WARN_QUOTED_INCLUDE_IN_FRAMEWORK_HEADER = YES;
				CLANG_WARN_RANGE_LOOP_ANALYSIS = YES;
				CLANG_WARN_STRICT_PROTOTYPES = YES;
				CLANG_WARN_SUSPICIOUS_MOVE = YES;
				CLANG_WARN_UNGUARDED_AVAILABILITY = YES_AGGRESSIVE;
				CLANG_WARN_UNREACHABLE_CODE = YES;
				CLANG_WARN__DUPLICATE_METHOD_MATCH = YES;
				COPY_PHASE_STRIP = NO;
				DEBUG_INFORMATION_FORMAT = dwarf;
				ENABLE_STRICT_OBJC_MSGSEND = YES;
				ENABLE_TESTABILITY = YES;
				GCC_C_LANGUAGE_STANDARD = gnu11;
				GCC_DYNAMIC_NO_PIC = NO;
				GCC_NO_COMMON_BLOCKS = YES;
				GCC_OPTIMIZATION_LEVEL = 0;
				GCC_PREPROCESSOR_DEFINITIONS = (
					"DEBUG=1",
					"$(inherited)",
				);
				GCC_WARN_64_TO_32_BIT_CONVERSION = YES;
				GCC_WARN_ABOUT_RETURN_TYPE = YES_ERROR;
				GCC_WARN_UNDECLARED_SELECTOR = YES;
				GCC_WARN_UNINITIALIZED_AUTOS = YES_AGGRESSIVE;
				GCC_WARN_UNUSED_FUNCTION = YES;
				GCC_WARN_UNUSED_VARIABLE = YES;
				MACOSX_DEPLOYMENT_TARGET = 10.15;
				MTL_ENABLE_DEBUG_INFO = INCLUDE_SOURCE;
				MTL_FAST_MATH = YES;
				ONLY_ACTIVE_ARCH = YES;
				PRODUCT_NAME = "";
				PRODUCT_NAME_SUFFIX = " (Debug)";
				SDKROOT = macosx;
				SWIFT_ACTIVE_COMPILATION_CONDITIONS = DEBUG;
				SWIFT_OPTIMIZATION_LEVEL = "-Onone";
			};
			name = Debug;
		};
		965A97482769D2DE00E65ECF /* Release */ = {
			isa = XCBuildConfiguration;
			buildSettings = {
				ALWAYS_SEARCH_USER_PATHS = NO;
				CLANG_ANALYZER_LOCALIZABILITY_NONLOCALIZED = YES;
				CLANG_ANALYZER_NONNULL = YES;
				CLANG_ANALYZER_NUMBER_OBJECT_CONVERSION = YES_AGGRESSIVE;
				CLANG_CXX_LANGUAGE_STANDARD = "gnu++14";
				CLANG_CXX_LIBRARY = "libc++";
				CLANG_ENABLE_MODULES = YES;
				CLANG_ENABLE_OBJC_ARC = YES;
				CLANG_ENABLE_OBJC_WEAK = YES;
				CLANG_WARN_BLOCK_CAPTURE_AUTORELEASING = YES;
				CLANG_WARN_BOOL_CONVERSION = YES;
				CLANG_WARN_COMMA = YES;
				CLANG_WARN_CONSTANT_CONVERSION = YES;
				CLANG_WARN_DEPRECATED_OBJC_IMPLEMENTATIONS = YES;
				CLANG_WARN_DIRECT_OBJC_ISA_USAGE = YES_ERROR;
				CLANG_WARN_DOCUMENTATION_COMMENTS = YES;
				CLANG_WARN_EMPTY_BODY = YES;
				CLANG_WARN_ENUM_CONVERSION = YES;
				CLANG_WARN_INFINITE_RECURSION = YES;
				CLANG_WARN_INT_CONVERSION = YES;
				CLANG_WARN_NON_LITERAL_NULL_CONVERSION = YES;
				CLANG_WARN_OBJC_IMPLICIT_RETAIN_SELF = YES;
				CLANG_WARN_OBJC_LITERAL_CONVERSION = YES;
				CLANG_WARN_OBJC_ROOT_CLASS = YES_ERROR;
				CLANG_WARN_QUOTED_INCLUDE_IN_FRAMEWORK_HEADER = YES;
				CLANG_WARN_RANGE_LOOP_ANALYSIS = YES;
				CLANG_WARN_STRICT_PROTOTYPES = YES;
				CLANG_WARN_SUSPICIOUS_MOVE = YES;
				CLANG_WARN_UNGUARDED_AVAILABILITY = YES_AGGRESSIVE;
				CLANG_WARN_UNREACHABLE_CODE = YES;
				CLANG_WARN__DUPLICATE_METHOD_MATCH = YES;
				COPY_PHASE_STRIP = NO;
				DEBUG_INFORMATION_FORMAT = "dwarf-with-dsym";
				ENABLE_NS_ASSERTIONS = NO;
				ENABLE_STRICT_OBJC_MSGSEND = YES;
				GCC_C_LANGUAGE_STANDARD = gnu11;
				GCC_NO_COMMON_BLOCKS = YES;
				GCC_WARN_64_TO_32_BIT_CONVERSION = YES;
				GCC_WARN_ABOUT_RETURN_TYPE = YES_ERROR;
				GCC_WARN_UNDECLARED_SELECTOR = YES;
				GCC_WARN_UNINITIALIZED_AUTOS = YES_AGGRESSIVE;
				GCC_WARN_UNUSED_FUNCTION = YES;
				GCC_WARN_UNUSED_VARIABLE = YES;
				MACOSX_DEPLOYMENT_TARGET = 10.15;
				MTL_ENABLE_DEBUG_INFO = NO;
				MTL_FAST_MATH = YES;
				PRODUCT_NAME = "";
				PRODUCT_NAME_SUFFIX = "";
				SDKROOT = macosx;
				SWIFT_COMPILATION_MODE = wholemodule;
				SWIFT_OPTIMIZATION_LEVEL = "-O";
			};
			name = Release;
		};
		965A974A2769D2DE00E65ECF /* Debug */ = {
			isa = XCBuildConfiguration;
			buildSettings = {
				ALWAYS_EMBED_SWIFT_STANDARD_LIBRARIES = YES;
				ASSETCATALOG_COMPILER_APPICON_NAME = AppIcon;
				ASSETCATALOG_COMPILER_GLOBAL_ACCENT_COLOR_NAME = AccentColor;
				CODE_SIGN_ENTITLEMENTS = SwiftIpynbViewer/SwiftIpynbViewer.entitlements;
				CODE_SIGN_STYLE = Automatic;
				COMBINE_HIDPI_IMAGES = YES;
				CURRENT_PROJECT_VERSION = 1;
				DEVELOPMENT_ASSET_PATHS = "\"SwiftIpynbViewer/Preview Content\"";
				ENABLE_PREVIEWS = YES;
				INFOPLIST_FILE = SwiftIpynbViewer/Info.plist;
				LD_RUNPATH_SEARCH_PATHS = (
					"$(inherited)",
					"@executable_path/../Frameworks",
				);
				MACOSX_DEPLOYMENT_TARGET = 10.15;
				PRODUCT_BUNDLE_IDENTIFIER = com.github.yawarakacream.SwiftIpynbViewer;
				PRODUCT_NAME = "$(TARGET_NAME)";
				SWIFT_VERSION = 5.0;
			};
			name = Debug;
		};
		965A974B2769D2DE00E65ECF /* Release */ = {
			isa = XCBuildConfiguration;
			buildSettings = {
				ALWAYS_EMBED_SWIFT_STANDARD_LIBRARIES = YES;
				ASSETCATALOG_COMPILER_APPICON_NAME = AppIcon;
				ASSETCATALOG_COMPILER_GLOBAL_ACCENT_COLOR_NAME = AccentColor;
				CODE_SIGN_ENTITLEMENTS = SwiftIpynbViewer/SwiftIpynbViewer.entitlements;
				CODE_SIGN_STYLE = Automatic;
				COMBINE_HIDPI_IMAGES = YES;
				CURRENT_PROJECT_VERSION = 1;
				DEVELOPMENT_ASSET_PATHS = "\"SwiftIpynbViewer/Preview Content\"";
				ENABLE_PREVIEWS = YES;
				INFOPLIST_FILE = SwiftIpynbViewer/Info.plist;
				LD_RUNPATH_SEARCH_PATHS = (
					"$(inherited)",
					"@executable_path/../Frameworks",
				);
				MACOSX_DEPLOYMENT_TARGET = 10.15;
				PRODUCT_BUNDLE_IDENTIFIER = com.github.yawarakacream.SwiftIpynbViewer;
				PRODUCT_NAME = "$(TARGET_NAME)";
				SWIFT_VERSION = 5.0;
			};
			name = Release;
		};
/* End XCBuildConfiguration section */

/* Begin XCConfigurationList section */
		963D7178276DBC7B00AC5B09 /* Build configuration list for PBXNativeTarget "SwiftIpynbQuickLook" */ = {
			isa = XCConfigurationList;
			buildConfigurations = (
				963D7176276DBC7B00AC5B09 /* Debug */,
				963D7177276DBC7B00AC5B09 /* Release */,
			);
			defaultConfigurationIsVisible = 0;
			defaultConfigurationName = Release;
		};
		965A97312769D2DC00E65ECF /* Build configuration list for PBXProject "SwiftIpynbViewer" */ = {
			isa = XCConfigurationList;
			buildConfigurations = (
				965A97472769D2DE00E65ECF /* Debug */,
				965A97482769D2DE00E65ECF /* Release */,
			);
			defaultConfigurationIsVisible = 0;
			defaultConfigurationName = Release;
		};
		965A97492769D2DE00E65ECF /* Build configuration list for PBXNativeTarget "SwiftIpynbViewer" */ = {
			isa = XCConfigurationList;
			buildConfigurations = (
				965A974A2769D2DE00E65ECF /* Debug */,
				965A974B2769D2DE00E65ECF /* Release */,
			);
			defaultConfigurationIsVisible = 0;
			defaultConfigurationName = Release;
		};
/* End XCConfigurationList section */
	};
	rootObject = 965A972E2769D2DC00E65ECF /* Project object */;
}
